
Microsoft Visual Studio Solution File, Format Version 12.00
Project("{2150E333-8FDC-42A3-9474-1A3956D46DE8}") = "SolutionItems", "SolutionItems", "{FD43919E-C451-4A52-A369-7633569A9830}"
	ProjectSection(SolutionItems) = preProject
		.gitignore = .gitignore
	EndProjectSection
EndProject
Project("{2150E333-8FDC-42A3-9474-1A3956D46DE8}") = "Source", "Source", "{75471168-23DF-42B1-ACDE-22CD34F06B36}"
    Project("{FAE04EC0-301F-11D3-BF4B-00C04F79EFBC}") = "Erdmier.BlazorCore", "Source\Erdmier.BlazorCore\Erdmier.BlazorCore.csproj", "{F39FE3CB-1AE5-484B-A0AD-9C36E6428231}"
EndProject
Global
	GlobalSection(SolutionConfigurationPlatforms) = preSolution
		Debug|Any CPU = Debug|Any CPU
		Release|Any CPU = Release|Any CPU
	EndGlobalSection
	GlobalSection(ProjectConfigurationPlatforms) = postSolution
		{F39FE3CB-1AE5-484B-A0AD-9C36E6428231}.Debug|Any CPU.ActiveCfg = Debug|Any CPU
		{F39FE3CB-1AE5-484B-A0AD-9C36E6428231}.Debug|Any CPU.Build.0 = Debug|Any CPU
		{F39FE3CB-1AE5-484B-A0AD-9C36E6428231}.Release|Any CPU.ActiveCfg = Release|Any CPU
		{F39FE3CB-1AE5-484B-A0AD-9C36E6428231}.Release|Any CPU.Build.0 = Release|Any CPU
	EndGlobalSection
	GlobalSection(NestedProjects) = preSolution
		{F39FE3CB-1AE5-484B-A0AD-9C36E6428231} = {75471168-23DF-42B1-ACDE-22CD34F06B36}
	EndGlobalSection
EndGlobal
